{
  "originHash" : "43a7fc3c44eec103435f01b9e2fc79cbd3dd1ab5afa061be7d92dca35ecce669",
  "pins" : [
    {
      "identity" : "nextgen-adsdk-ios-release",
      "kind" : "remoteSourceControl",
      "location" : "https://github.com/VM-Mobile-SDK/nextgen-adsdk-ios-release",
      "state" : {
        "revision" : "f60ff2b17cc2227ec282da0bb94d6ac42bef0c8c",
        "version" : "6.6.0"
      }
    }
  ],
  "version" : 3
}
